
Microsoft Visual Studio Solution File, Format Version 12.00
# Visual Studio Version 17
VisualStudioVersion = 17.1.32421.90
MinimumVisualStudioVersion = 10.0.40219.1
Project("{9A19103F-16F7-4668-BE54-9A1E7A4F7556}") = "Framework.Data.SQL", "Framework.Data.SQL\Framework.Data.SQL.csproj", "{61BE87AD-F9F8-4AC3-A176-17965B539791}"
EndProject
Project("{9A19103F-16F7-4668-BE54-9A1E7A4F7556}") = "Framework.Data.SQL.Tests", "Framework.Data.SQL.Tests\Framework.Data.SQL.Tests.csproj", "{B5A07D0F-7C51-497E-9AC8-0F89F3761ECB}"
EndProject
Project("{2150E333-8FDC-42A3-9474-1A3956D46DE8}") = "Sample", "Sample", "{8AFCA37C-FA11-434D-9DAB-D79A4717E453}"
EndProject
Project("{9A19103F-16F7-4668-BE54-9A1E7A4F7556}") = "BES", "Framework.Data.SQL.Sample\BES\BES.csproj", "{01C83391-D582-4615-8FFF-64F22C582105}"
EndProject
Project("{9A19103F-16F7-4668-BE54-9A1E7A4F7556}") = "BLL", "Framework.Data.SQL.Sample\BLL\BLL.csproj", "{4BCCD95F-E286-4C01-B51D-7D3D2800157A}"
EndProject
Project("{9A19103F-16F7-4668-BE54-9A1E7A4F7556}") = "DAL", "Framework.Data.SQL.Sample\DAL\DAL.csproj", "{A5C45CA1-6119-44FC-A7AF-FF2ECC3B090C}"
EndProject
Project("{2150E333-8FDC-42A3-9474-1A3956D46DE8}") = "Database", "Database", "{E2ECAA96-D887-4E00-A205-09649F2B4497}"
EndProject
Project("{2150E333-8FDC-42A3-9474-1A3956D46DE8}") = "Functions", "Functions", "{C119F8B6-6F64-46BC-8B77-3DA81084AF1C}"
	ProjectSection(SolutionItems) = preProject
		Database\Functions\FN_SPLIT_STRING.sql = Database\Functions\FN_SPLIT_STRING.sql
	EndProjectSection
EndProject
Project("{2150E333-8FDC-42A3-9474-1A3956D46DE8}") = "Jobs", "Jobs", "{A1FA24DA-3069-404C-9D1C-971C28C61A74}"
EndProject
Project("{2150E333-8FDC-42A3-9474-1A3956D46DE8}") = "Procedures", "Procedures", "{469BE5F1-9BA2-431B-90C4-ADA7729D94C2}"
EndProject
Project("{2150E333-8FDC-42A3-9474-1A3956D46DE8}") = "Scripts", "Scripts", "{BB74C632-78EA-4986-A0C9-EFFBA13E7CB0}"
	ProjectSection(SolutionItems) = preProject
		Database\Scripts\Initial Payload.sql = Database\Scripts\Initial Payload.sql
	EndProjectSection
EndProject
Project("{2150E333-8FDC-42A3-9474-1A3956D46DE8}") = "Table Value Parameters", "Table Value Parameters", "{7983B9C0-F39A-4099-81F0-F541F28D67CA}"
	ProjectSection(SolutionItems) = preProject
		Database\Table Value Parameters\TVP_ADDRESS.sql = Database\Table Value Parameters\TVP_ADDRESS.sql
	EndProjectSection
EndProject
Project("{2150E333-8FDC-42A3-9474-1A3956D46DE8}") = "Others", "Others", "{04EA08E5-4109-4751-886C-30ED2E7A2493}"
	ProjectSection(SolutionItems) = preProject
		Database\Procedures\OTHERS\SP_DROP_IF_EXISTS.sql = Database\Procedures\OTHERS\SP_DROP_IF_EXISTS.sql
	EndProjectSection
EndProject
Project("{2150E333-8FDC-42A3-9474-1A3956D46DE8}") = "User", "User", "{75AC5168-5A6D-4EDC-9B3B-D8896C206E0C}"
	ProjectSection(SolutionItems) = preProject
		Database\Procedures\USERS\SP_USER_D.sql = Database\Procedures\USERS\SP_USER_D.sql
		Database\Procedures\USERS\SP_USER_I.sql = Database\Procedures\USERS\SP_USER_I.sql
		Database\Procedures\USERS\SP_USER_S.sql = Database\Procedures\USERS\SP_USER_S.sql
		Database\Procedures\USERS\SP_USER_S_BY_ID.sql = Database\Procedures\USERS\SP_USER_S_BY_ID.sql
		Database\Procedures\USERS\SP_USER_U.sql = Database\Procedures\USERS\SP_USER_U.sql
	EndProjectSection
EndProject
Project("{9A19103F-16F7-4668-BE54-9A1E7A4F7556}") = "Validation", "Framework.Data.SQL.Sample\Validation\Validation.csproj", "{E2A20DEB-AD54-49E2-A335-7E9EB85A0AA4}"
EndProject
Project("{2150E333-8FDC-42A3-9474-1A3956D46DE8}") = "Github Actions", "Github Actions", "{F003B447-CC54-4F17-84F6-5D09C013BB66}"
EndProject
Project("{2150E333-8FDC-42A3-9474-1A3956D46DE8}") = "workflows", "workflows", "{19181696-DB9E-410C-A648-E3B4845D937F}"
	ProjectSection(SolutionItems) = preProject
		.github\workflows\nuget.yml = .github\workflows\nuget.yml
	EndProjectSection
EndProject
Global
	GlobalSection(SolutionConfigurationPlatforms) = preSolution
		Debug|Any CPU = Debug|Any CPU
		Release|Any CPU = Release|Any CPU
	EndGlobalSection
	GlobalSection(ProjectConfigurationPlatforms) = postSolution
		{61BE87AD-F9F8-4AC3-A176-17965B539791}.Debug|Any CPU.ActiveCfg = Debug|Any CPU
		{61BE87AD-F9F8-4AC3-A176-17965B539791}.Debug|Any CPU.Build.0 = Debug|Any CPU
		{61BE87AD-F9F8-4AC3-A176-17965B539791}.Release|Any CPU.ActiveCfg = Release|Any CPU
		{61BE87AD-F9F8-4AC3-A176-17965B539791}.Release|Any CPU.Build.0 = Release|Any CPU
		{B5A07D0F-7C51-497E-9AC8-0F89F3761ECB}.Debug|Any CPU.ActiveCfg = Debug|Any CPU
		{B5A07D0F-7C51-497E-9AC8-0F89F3761ECB}.Debug|Any CPU.Build.0 = Debug|Any CPU
		{B5A07D0F-7C51-497E-9AC8-0F89F3761ECB}.Release|Any CPU.ActiveCfg = Release|Any CPU
		{B5A07D0F-7C51-497E-9AC8-0F89F3761ECB}.Release|Any CPU.Build.0 = Release|Any CPU
		{01C83391-D582-4615-8FFF-64F22C582105}.Debug|Any CPU.ActiveCfg = Debug|Any CPU
		{01C83391-D582-4615-8FFF-64F22C582105}.Debug|Any CPU.Build.0 = Debug|Any CPU
		{01C83391-D582-4615-8FFF-64F22C582105}.Release|Any CPU.ActiveCfg = Release|Any CPU
		{01C83391-D582-4615-8FFF-64F22C582105}.Release|Any CPU.Build.0 = Release|Any CPU
		{4BCCD95F-E286-4C01-B51D-7D3D2800157A}.Debug|Any CPU.ActiveCfg = Debug|Any CPU
		{4BCCD95F-E286-4C01-B51D-7D3D2800157A}.Debug|Any CPU.Build.0 = Debug|Any CPU
		{4BCCD95F-E286-4C01-B51D-7D3D2800157A}.Release|Any CPU.ActiveCfg = Release|Any CPU
		{4BCCD95F-E286-4C01-B51D-7D3D2800157A}.Release|Any CPU.Build.0 = Release|Any CPU
		{A5C45CA1-6119-44FC-A7AF-FF2ECC3B090C}.Debug|Any CPU.ActiveCfg = Debug|Any CPU
		{A5C45CA1-6119-44FC-A7AF-FF2ECC3B090C}.Debug|Any CPU.Build.0 = Debug|Any CPU
		{A5C45CA1-6119-44FC-A7AF-FF2ECC3B090C}.Release|Any CPU.ActiveCfg = Release|Any CPU
		{A5C45CA1-6119-44FC-A7AF-FF2ECC3B090C}.Release|Any CPU.Build.0 = Release|Any CPU
		{E2A20DEB-AD54-49E2-A335-7E9EB85A0AA4}.Debug|Any CPU.ActiveCfg = Debug|Any CPU
		{E2A20DEB-AD54-49E2-A335-7E9EB85A0AA4}.Debug|Any CPU.Build.0 = Debug|Any CPU
		{E2A20DEB-AD54-49E2-A335-7E9EB85A0AA4}.Release|Any CPU.ActiveCfg = Release|Any CPU
		{E2A20DEB-AD54-49E2-A335-7E9EB85A0AA4}.Release|Any CPU.Build.0 = Release|Any CPU
	EndGlobalSection
	GlobalSection(SolutionProperties) = preSolution
		HideSolutionNode = FALSE
	EndGlobalSection
	GlobalSection(NestedProjects) = preSolution
		{01C83391-D582-4615-8FFF-64F22C582105} = {8AFCA37C-FA11-434D-9DAB-D79A4717E453}
		{4BCCD95F-E286-4C01-B51D-7D3D2800157A} = {8AFCA37C-FA11-434D-9DAB-D79A4717E453}
		{A5C45CA1-6119-44FC-A7AF-FF2ECC3B090C} = {8AFCA37C-FA11-434D-9DAB-D79A4717E453}
		{C119F8B6-6F64-46BC-8B77-3DA81084AF1C} = {E2ECAA96-D887-4E00-A205-09649F2B4497}
		{A1FA24DA-3069-404C-9D1C-971C28C61A74} = {E2ECAA96-D887-4E00-A205-09649F2B4497}
		{469BE5F1-9BA2-431B-90C4-ADA7729D94C2} = {E2ECAA96-D887-4E00-A205-09649F2B4497}
		{BB74C632-78EA-4986-A0C9-EFFBA13E7CB0} = {E2ECAA96-D887-4E00-A205-09649F2B4497}
		{7983B9C0-F39A-4099-81F0-F541F28D67CA} = {E2ECAA96-D887-4E00-A205-09649F2B4497}
		{04EA08E5-4109-4751-886C-30ED2E7A2493} = {469BE5F1-9BA2-431B-90C4-ADA7729D94C2}
		{75AC5168-5A6D-4EDC-9B3B-D8896C206E0C} = {469BE5F1-9BA2-431B-90C4-ADA7729D94C2}
		{E2A20DEB-AD54-49E2-A335-7E9EB85A0AA4} = {8AFCA37C-FA11-434D-9DAB-D79A4717E453}
		{19181696-DB9E-410C-A648-E3B4845D937F} = {F003B447-CC54-4F17-84F6-5D09C013BB66}
	EndGlobalSection
	GlobalSection(ExtensibilityGlobals) = postSolution
		SolutionGuid = {D4D8ABEA-7197-4F3B-BCD4-B24699ACD11D}
	EndGlobalSection
EndGlobal
